# THIS IS AN AUTOGENERATED FILE. DO NOT EDIT THIS FILE DIRECTLY.
# yarn lockfile v1


"@theme-ui/preset-base@^0.2.44":
  version "0.2.44"
  resolved "https://registry.yarnpkg.com/@theme-ui/preset-base/-/preset-base-0.2.44.tgz#ae8e938288a534f129111a56b1971e1cc12ddc9d"
  integrity sha512-g2BaHKz5/32wHIFoRifHxYikBJICqYx+weypA/zwz+d7rZTE9q+EgTvlFSdVlf1HtR2a3uLB1lp4se0tlI2zwg==

"@theme-ui/preset-base@^0.3.0":
  version "0.3.0"
  resolved "https://registry.yarnpkg.com/@theme-ui/preset-base/-/preset-base-0.3.0.tgz#853a78195beead04ece4391c5672d690899bec47"
  integrity sha512-bFCYoxfe/Ugr5k5BEy3Gv5jg8+idZHWDt/NM95jgla4qITlaOAMuEL6afoQ5HXbJjp5TnZFZ73qO6cKI8/BFfQ==

"@theme-ui/preset-bootstrap@^0.3.0":
  version "0.3.0"
  resolved "https://registry.yarnpkg.com/@theme-ui/preset-bootstrap/-/preset-bootstrap-0.3.0.tgz#0a50dff50eb2b444dce1e0273cf359026ef4e10c"
  integrity sha512-UoBvNNo4JMsdVPuF3tzEPhZu6T1vuFTEDPUwrannaq2ycFfZZVBfr0YaDNtM+n5lcPp3DBXvZrMjDCURteGjVA==

"@theme-ui/preset-bulma@^0.3.0":
  version "0.3.0"
  resolved "https://registry.yarnpkg.com/@theme-ui/preset-bulma/-/preset-bulma-0.3.0.tgz#e7a13222da030052607d48a61b2948ad4761d9c3"
  integrity sha512-9p7SWvEzqfOVqwzpXFn6xB9fiPj3aomb6gG79FoaSzXRv+ATRtsQam9o8GWhGljiQbNazbxFd95RUP92sflncw==
  dependencies:
    "@theme-ui/preset-base" "^0.3.0"

"@theme-ui/preset-dark@^0.3.0":
  version "0.3.0"
  resolved "https://registry.yarnpkg.com/@theme-ui/preset-dark/-/preset-dark-0.3.0.tgz#bce2a12768b64e730ff7307145809fcabac16da1"
  integrity sha512-biKyaGTy4awA+JbeUO4o2TzkeB4i1nregukS9BUOrub7I4jrKjPvjIlHxlU2uiQIYbxKq4n/QqBIsCbTDdg74w==

"@theme-ui/preset-deep@^0.3.0":
  version "0.3.0"
  resolved "https://registry.yarnpkg.com/@theme-ui/preset-deep/-/preset-deep-0.3.0.tgz#acdf3028ef8dc5af2d20b5a82f9fed1062cf74d6"
  integrity sha512-5XZckaa1nhm7afb57bCMGKR/TCaf9cjTwhNkfAaFjKVklVB4CCinS43zQ0sDadwd3oihCJmGbXyvgwBb8mp/iw==

"@theme-ui/preset-funk@^0.3.0":
  version "0.3.0"
  resolved "https://registry.yarnpkg.com/@theme-ui/preset-funk/-/preset-funk-0.3.0.tgz#c1fb55d3d49db5b147cb4b58e504e8db50312d1f"
  integrity sha512-YT/2OgZwx9/FpkM+ol7ixnmusBcMRRwLxlys76cV4Ky1cbb4aL92uDHOh8QIfXilXnyoi8mLVduCMOJCd+1h2Q==
  dependencies:
    "@theme-ui/preset-base" "^0.3.0"

"@theme-ui/preset-future@^0.3.0":
  version "0.3.0"
  resolved "https://registry.yarnpkg.com/@theme-ui/preset-future/-/preset-future-0.3.0.tgz#cd9384749328fb49856ef3452f6da8d9796d51fa"
  integrity sha512-KicYV6Ck2hE3nT+Snkk4mFhshyfrX/jgSHGrmfOGMhLjkapQYUpuIKRQMPjlm2dDtd5exbaxOOjX4edRIkqQyg==
  dependencies:
    "@theme-ui/preset-base" "^0.3.0"

"@theme-ui/preset-polaris@^0.3.0":
  version "0.3.0"
  resolved "https://registry.yarnpkg.com/@theme-ui/preset-polaris/-/preset-polaris-0.3.0.tgz#1e9791122d386a813928b2e6f87d3d41fe690fa1"
  integrity sha512-Tw1xKIbKt28OkevT/WynXnnjHizCQI8XN6P3e3baj5VCdGSXmRJbtZXA85tgjTf6gSTQZrWnaRg2vm/wXn/Wlw==
  dependencies:
    "@theme-ui/preset-base" "^0.2.44"

"@theme-ui/preset-roboto@^0.3.0":
  version "0.3.0"
  resolved "https://registry.yarnpkg.com/@theme-ui/preset-roboto/-/preset-roboto-0.3.0.tgz#4b7afa633416caf597f91d3624b3166e2786b1be"
  integrity sha512-7/Bjo3CeVJ73r1PcrnvGVl7TaI+gnwA5ekwfv0yifE5gJBbzvhBRnNIGcBt4aE3pd5WQ+iSKdfBBfxFjkTXQAQ==
  dependencies:
    "@theme-ui/preset-base" "^0.3.0"

"@theme-ui/preset-swiss@^0.3.0":
  version "0.3.0"
  resolved "https://registry.yarnpkg.com/@theme-ui/preset-swiss/-/preset-swiss-0.3.0.tgz#ea170bc6e29d92a2e5b6e4cf90a17c68ca6f38f9"
  integrity sha512-ijH0FPHMR9tT7ZOIV73lY4VHEvah2FftwrYUt7w4UhjId8SnKBp5GitU+IG4E5mRdP8IiPRQCBrfs9IuSFxnWA==

"@theme-ui/preset-system@^0.3.0":
  version "0.3.0"
  resolved "https://registry.yarnpkg.com/@theme-ui/preset-system/-/preset-system-0.3.0.tgz#80d0feb3f8a945fe67fed3dc881e37e0ce70b3f8"
  integrity sha512-mpQbwuqPZysjdpRxtMxEU7kuafzt0QmYmT8t/1OcQMCIb/qIenu/xZsCXxrJQGZcxgO4Pq5Z9FDzXbQwNQBWcA==

"@theme-ui/preset-tailwind@^0.3.0":
  version "0.3.0"
  resolved "https://registry.yarnpkg.com/@theme-ui/preset-tailwind/-/preset-tailwind-0.3.0.tgz#e916023e5111df129b8e04603250ebe5d95f87e8"
  integrity sha512-Y9BA9ESkOizaN3TV9H+D1gMYgoBTWxo+YGFFfTxn3RRO8V35UUM5tHbhNUWuuu5L5h/syN9f3WENCZ/cGcuaDA==

"@theme-ui/preset-tosh@^0.3.0":
  version "0.3.0"
  resolved "https://registry.yarnpkg.com/@theme-ui/preset-tosh/-/preset-tosh-0.3.0.tgz#c368edaa88703b8552fa731605bffd668ae5cf3b"
  integrity sha512-YgrRHVhekvS13VGsKSYPa+ixJXmIQ/8hLIAVq6OmJQMHmPFgu/2pp45Plb1RPNlYsZwtXisO1T6nhet/jqiJvw==

"@theme-ui/presets@^0.3.0":
  version "0.3.0"
  resolved "https://registry.yarnpkg.com/@theme-ui/presets/-/presets-0.3.0.tgz#b2636faaa86c77f6b56c6623c954c1ce665705b0"
  integrity sha512-mPxsNACJZT+EAZ76vLRFUyVMopkOEgTps3l22PhxLWIT5MtPsGXDoyTmjbOVy1suHv5mYwdQdsJ2isW4nsePrA==
  dependencies:
    "@theme-ui/preset-base" "^0.3.0"
    "@theme-ui/preset-bootstrap" "^0.3.0"
    "@theme-ui/preset-bulma" "^0.3.0"
    "@theme-ui/preset-dark" "^0.3.0"
    "@theme-ui/preset-deep" "^0.3.0"
    "@theme-ui/preset-funk" "^0.3.0"
    "@theme-ui/preset-future" "^0.3.0"
    "@theme-ui/preset-polaris" "^0.3.0"
    "@theme-ui/preset-roboto" "^0.3.0"
    "@theme-ui/preset-swiss" "^0.3.0"
    "@theme-ui/preset-system" "^0.3.0"
    "@theme-ui/preset-tailwind" "^0.3.0"
    "@theme-ui/preset-tosh" "^0.3.0"
