# THIS IS AN AUTOGENERATED FILE. DO NOT EDIT THIS FILE DIRECTLY.
# yarn lockfile v1


simple-dynamodb@^1.0.0:
  version "1.0.0"
  resolved "https://registry.yarnpkg.com/simple-dynamodb/-/simple-dynamodb-1.0.0.tgz#1f678006124eaa528de94b390565ec59473f56ba"
  integrity sha512-OulkWiNRM24IIHg/sM5ngis563yPFW3oK2a5fC40BhY2k33LcCpIo6V9024SN/JYEbXvUJWK2EDQw3RIpCmLag==
